{
  "version": 4,
  "terraform_version": "1.6.4",
  "serial": 17,
  "lineage": "deb3a393-1c74-96ad-0ba3-5aa8aa37654d",
  "outputs": {},
  "resources": [
    {
      "mode": "data",
      "type": "google_firebase_web_app_config",
      "name": "example",
      "provider": "provider[\"registry.terraform.io/hashicorp/google-beta\"]",
      "instances": [
        {
          "schema_version": 0,
          "attributes": {
            "api_key": "AIzaSyDnPa47DxooMjq-Qmle95vWK3WkZmd-gqU",
            "auth_domain": "idrt-telegram-bot-fc75b.firebaseapp.com",
            "database_url": "",
            "id": "1:645730712922:web:d14dae4a19605100d90763",
            "location_id": "",
            "measurement_id": "",
            "messaging_sender_id": "645730712922",
            "project": "idrt-telegram-bot-fc75b",
            "storage_bucket": "idrt-telegram-bot-fc75b.appspot.com",
            "web_app_id": "1:645730712922:web:d14dae4a19605100d90763"
          },
          "sensitive_attributes": []
        }
      ]
    },
    {
      "mode": "data",
      "type": "google_project",
      "name": "project",
      "provider": "provider[\"registry.terraform.io/hashicorp/google-beta\"]",
      "instances": [
        {
          "schema_version": 0,
          "attributes": {
            "auto_create_network": null,
            "billing_account": null,
            "deletion_policy": "DELETE",
            "effective_labels": {
              "firebase": "enabled"
            },
            "folder_id": null,
            "id": "projects/idrt-telegram-bot-fc75b",
            "labels": {
              "firebase": "enabled"
            },
            "name": "idrt telegram bot",
            "number": "645730712922",
            "org_id": null,
            "project_id": "idrt-telegram-bot-fc75b",
            "skip_delete": null,
            "terraform_labels": {
              "firebase": "enabled"
            }
          },
          "sensitive_attributes": []
        }
      ]
    },
    {
      "mode": "managed",
      "type": "google_apikeys_key",
      "name": "generativelanguage",
      "provider": "provider[\"registry.terraform.io/hashicorp/google-beta\"]",
      "instances": [
        {
          "schema_version": 0,
          "attributes": {
            "display_name": "Gemini API Key",
            "id": "projects/idrt-telegram-bot-fc75b/locations/global/keys/gemini-api-key",
            "key_string": "AIzaSyAEbForU2gpujk08z9Qf1ff3rf7juaz9CM",
            "name": "gemini-api-key",
            "project": "idrt-telegram-bot-fc75b",
            "restrictions": [
              {
                "android_key_restrictions": [],
                "api_targets": [
                  {
                    "methods": [],
                    "service": "generativelanguage.googleapis.com"
                  }
                ],
                "browser_key_restrictions": [
                  {
                    "allowed_referrers": [
                      "*"
                    ]
                  }
                ],
                "ios_key_restrictions": [],
                "server_key_restrictions": []
              }
            ],
            "timeouts": null,
            "uid": "6d6a32c9-b418-47fc-8b5b-89eda443186e"
          },
          "sensitive_attributes": [],
          "private": "eyJlMmJmYjczMC1lY2FhLTExZTYtOGY4OC0zNDM2M2JjN2M0YzAiOnsiY3JlYXRlIjoxMjAwMDAwMDAwMDAwLCJkZWxldGUiOjEyMDAwMDAwMDAwMDAsInVwZGF0ZSI6MTIwMDAwMDAwMDAwMH19",
          "dependencies": [
            "google_project_service.services"
          ]
        }
      ]
    },
    {
      "mode": "managed",
      "type": "google_firebase_web_app",
      "name": "example",
      "provider": "provider[\"registry.terraform.io/hashicorp/google-beta\"]",
      "instances": [
        {
          "schema_version": 0,
          "attributes": {
            "api_key_id": "4f808dd8-04a0-4714-a714-d905a0da8af4",
            "app_id": "1:645730712922:web:d14dae4a19605100d90763",
            "app_urls": [],
            "deletion_policy": "DELETE",
            "display_name": "Make It So AI!",
            "id": "projects/idrt-telegram-bot-fc75b/webApps/1:645730712922:web:d14dae4a19605100d90763",
            "name": "projects/idrt-telegram-bot-fc75b/webApps/1:645730712922:web:d14dae4a19605100d90763",
            "project": "idrt-telegram-bot-fc75b",
            "timeouts": null
          },
          "sensitive_attributes": [],
          "private": "eyJlMmJmYjczMC1lY2FhLTExZTYtOGY4OC0zNDM2M2JjN2M0YzAiOnsiY3JlYXRlIjoxMjAwMDAwMDAwMDAwLCJkZWxldGUiOjEyMDAwMDAwMDAwMDAsInVwZGF0ZSI6MTIwMDAwMDAwMDAwMH19"
        }
      ]
    },
    {
      "mode": "managed",
      "type": "google_firebaserules_release",
      "name": "firestore",
      "provider": "provider[\"registry.terraform.io/hashicorp/google-beta\"]",
      "instances": [
        {
          "schema_version": 0,
          "attributes": {
            "create_time": "2024-10-03T07:59:09.821716Z",
            "disabled": false,
            "id": "projects/idrt-telegram-bot-fc75b/releases/cloud.firestore",
            "name": "cloud.firestore",
            "project": "idrt-telegram-bot-fc75b",
            "ruleset_name": "ba08bf7f-7028-4ea9-bb18-8aee90f1b956",
            "timeouts": null,
            "update_time": "2024-10-03T07:59:09.821716Z"
          },
          "sensitive_attributes": [],
          "private": "eyJlMmJmYjczMC1lY2FhLTExZTYtOGY4OC0zNDM2M2JjN2M0YzAiOnsiY3JlYXRlIjoxMjAwMDAwMDAwMDAwLCJkZWxldGUiOjEyMDAwMDAwMDAwMDB9fQ==",
          "dependencies": [
            "google_firebaserules_ruleset.firestore",
            "google_firestore_database.database",
            "google_project_service.services",
            "local_file.firestore_rules"
          ]
        }
      ]
    },
    {
      "mode": "managed",
      "type": "google_firebaserules_ruleset",
      "name": "firestore",
      "provider": "provider[\"registry.terraform.io/hashicorp/google-beta\"]",
      "instances": [
        {
          "schema_version": 0,
          "attributes": {
            "create_time": "2024-10-03T07:59:05.737234Z",
            "id": "projects/idrt-telegram-bot-fc75b/rulesets/ba08bf7f-7028-4ea9-bb18-8aee90f1b956",
            "metadata": [
              {
                "services": [
                  "cloud.firestore"
                ]
              }
            ],
            "name": "ba08bf7f-7028-4ea9-bb18-8aee90f1b956",
            "project": "idrt-telegram-bot-fc75b",
            "source": [
              {
                "files": [
                  {
                    "content": "service cloud.firestore {\n  match /databases/{database}/documents/{document=**} {\n    allow read, write: if request.auth != null \u0026\u0026 request.time \u003c timestamp.date(2024, 11, 2);\n  }\n}\n",
                    "fingerprint": "",
                    "name": "firestore.rules"
                  }
                ],
                "language": ""
              }
            ],
            "timeouts": null
          },
          "sensitive_attributes": [],
          "private": "eyJlMmJmYjczMC1lY2FhLTExZTYtOGY4OC0zNDM2M2JjN2M0YzAiOnsiY3JlYXRlIjoxMjAwMDAwMDAwMDAwLCJkZWxldGUiOjEyMDAwMDAwMDAwMDB9fQ==",
          "dependencies": [
            "google_firestore_database.database",
            "google_project_service.services",
            "local_file.firestore_rules"
          ]
        }
      ]
    },
    {
      "mode": "managed",
      "type": "google_firestore_database",
      "name": "database",
      "provider": "provider[\"registry.terraform.io/hashicorp/google-beta\"]",
      "instances": [
        {
          "schema_version": 0,
          "attributes": {
            "app_engine_integration_mode": "DISABLED",
            "cmek_config": [],
            "concurrency_mode": "PESSIMISTIC",
            "create_time": "",
            "delete_protection_state": "DELETE_PROTECTION_DISABLED",
            "deletion_policy": "ABANDON",
            "earliest_version_time": "2024-10-03T07:58:53.158561Z",
            "etag": "IKf8+fbe8YgDMKGp1+fe8YgD",
            "id": "projects/idrt-telegram-bot-fc75b/databases/(default)",
            "key_prefix": "",
            "location_id": "nam5",
            "name": "(default)",
            "point_in_time_recovery_enablement": "POINT_IN_TIME_RECOVERY_DISABLED",
            "project": "idrt-telegram-bot-fc75b",
            "timeouts": null,
            "type": "FIRESTORE_NATIVE",
            "uid": "f276c57a-98c0-4bf1-b2c8-14d4293d8610",
            "update_time": "",
            "version_retention_period": "3600s"
          },
          "sensitive_attributes": [],
          "private": "eyJlMmJmYjczMC1lY2FhLTExZTYtOGY4OC0zNDM2M2JjN2M0YzAiOnsiY3JlYXRlIjoxMjAwMDAwMDAwMDAwLCJkZWxldGUiOjEyMDAwMDAwMDAwMDAsInVwZGF0ZSI6MTIwMDAwMDAwMDAwMH19",
          "dependencies": [
            "google_project_service.services"
          ]
        }
      ]
    },
    {
      "mode": "managed",
      "type": "google_project_service",
      "name": "services",
      "provider": "provider[\"registry.terraform.io/hashicorp/google-beta\"]",
      "instances": [
        {
          "index_key": "apikeys.googleapis.com",
          "schema_version": 0,
          "attributes": {
            "check_if_service_has_usage_on_destroy": false,
            "disable_dependent_services": null,
            "disable_on_destroy": false,
            "id": "idrt-telegram-bot-fc75b/apikeys.googleapis.com",
            "project": "idrt-telegram-bot-fc75b",
            "service": "apikeys.googleapis.com",
            "timeouts": null
          },
          "sensitive_attributes": [],
          "private": "eyJlMmJmYjczMC1lY2FhLTExZTYtOGY4OC0zNDM2M2JjN2M0YzAiOnsiY3JlYXRlIjoxMjAwMDAwMDAwMDAwLCJkZWxldGUiOjEyMDAwMDAwMDAwMDAsInJlYWQiOjYwMDAwMDAwMDAwMCwidXBkYXRlIjoxMjAwMDAwMDAwMDAwfX0="
        },
        {
          "index_key": "firebaserules.googleapis.com",
          "schema_version": 0,
          "attributes": {
            "check_if_service_has_usage_on_destroy": false,
            "disable_dependent_services": null,
            "disable_on_destroy": false,
            "id": "idrt-telegram-bot-fc75b/firebaserules.googleapis.com",
            "project": "idrt-telegram-bot-fc75b",
            "service": "firebaserules.googleapis.com",
            "timeouts": null
          },
          "sensitive_attributes": [],
          "private": "eyJlMmJmYjczMC1lY2FhLTExZTYtOGY4OC0zNDM2M2JjN2M0YzAiOnsiY3JlYXRlIjoxMjAwMDAwMDAwMDAwLCJkZWxldGUiOjEyMDAwMDAwMDAwMDAsInJlYWQiOjYwMDAwMDAwMDAwMCwidXBkYXRlIjoxMjAwMDAwMDAwMDAwfX0="
        },
        {
          "index_key": "firestore.googleapis.com",
          "schema_version": 0,
          "attributes": {
            "check_if_service_has_usage_on_destroy": false,
            "disable_dependent_services": null,
            "disable_on_destroy": false,
            "id": "idrt-telegram-bot-fc75b/firestore.googleapis.com",
            "project": "idrt-telegram-bot-fc75b",
            "service": "firestore.googleapis.com",
            "timeouts": null
          },
          "sensitive_attributes": [],
          "private": "eyJlMmJmYjczMC1lY2FhLTExZTYtOGY4OC0zNDM2M2JjN2M0YzAiOnsiY3JlYXRlIjoxMjAwMDAwMDAwMDAwLCJkZWxldGUiOjEyMDAwMDAwMDAwMDAsInJlYWQiOjYwMDAwMDAwMDAwMCwidXBkYXRlIjoxMjAwMDAwMDAwMDAwfX0="
        },
        {
          "index_key": "generativelanguage.googleapis.com",
          "schema_version": 0,
          "attributes": {
            "check_if_service_has_usage_on_destroy": false,
            "disable_dependent_services": null,
            "disable_on_destroy": false,
            "id": "idrt-telegram-bot-fc75b/generativelanguage.googleapis.com",
            "project": "idrt-telegram-bot-fc75b",
            "service": "generativelanguage.googleapis.com",
            "timeouts": null
          },
          "sensitive_attributes": [],
          "private": "eyJlMmJmYjczMC1lY2FhLTExZTYtOGY4OC0zNDM2M2JjN2M0YzAiOnsiY3JlYXRlIjoxMjAwMDAwMDAwMDAwLCJkZWxldGUiOjEyMDAwMDAwMDAwMDAsInJlYWQiOjYwMDAwMDAwMDAwMCwidXBkYXRlIjoxMjAwMDAwMDAwMDAwfX0="
        },
        {
          "index_key": "serviceusage.googleapis.com",
          "schema_version": 0,
          "attributes": {
            "check_if_service_has_usage_on_destroy": false,
            "disable_dependent_services": null,
            "disable_on_destroy": false,
            "id": "idrt-telegram-bot-fc75b/serviceusage.googleapis.com",
            "project": "idrt-telegram-bot-fc75b",
            "service": "serviceusage.googleapis.com",
            "timeouts": null
          },
          "sensitive_attributes": [],
          "private": "eyJlMmJmYjczMC1lY2FhLTExZTYtOGY4OC0zNDM2M2JjN2M0YzAiOnsiY3JlYXRlIjoxMjAwMDAwMDAwMDAwLCJkZWxldGUiOjEyMDAwMDAwMDAwMDAsInJlYWQiOjYwMDAwMDAwMDAwMCwidXBkYXRlIjoxMjAwMDAwMDAwMDAwfX0="
        }
      ]
    },
    {
      "mode": "managed",
      "type": "google_service_usage_consumer_quota_override",
      "name": "generativelanguage",
      "provider": "provider[\"registry.terraform.io/hashicorp/google-beta\"]",
      "instances": [
        {
          "schema_version": 0,
          "attributes": {
            "dimensions": {},
            "force": true,
            "id": "projects/idrt-telegram-bot-fc75b/services/generativelanguage.googleapis.com/consumerQuotaMetrics/generativelanguage.googleapis.com%2Fgenerate_requests_per_model/limits/%2Fmin%2Fmodel%2Fproject/consumerOverrides/Cg1RdW90YU92ZXJyaWRl",
            "limit": "%2Fmin%2Fmodel%2Fproject",
            "metric": "generativelanguage.googleapis.com%2Fgenerate_requests_per_model",
            "name": "Cg1RdW90YU92ZXJyaWRl",
            "override_value": "10",
            "project": "idrt-telegram-bot-fc75b",
            "service": "generativelanguage.googleapis.com",
            "timeouts": null
          },
          "sensitive_attributes": [],
          "private": "eyJlMmJmYjczMC1lY2FhLTExZTYtOGY4OC0zNDM2M2JjN2M0YzAiOnsiY3JlYXRlIjoxMjAwMDAwMDAwMDAwLCJkZWxldGUiOjEyMDAwMDAwMDAwMDAsInVwZGF0ZSI6MTIwMDAwMDAwMDAwMH19",
          "dependencies": [
            "google_project_service.services"
          ]
        }
      ]
    },
    {
      "mode": "managed",
      "type": "local_file",
      "name": "environment_ts",
      "provider": "provider[\"registry.terraform.io/hashicorp/local\"]",
      "instances": [
        {
          "schema_version": 0,
          "attributes": {
            "content": "export const environment = {\n  firebase: {\n      apiKey: 'AIzaSyDnPa47DxooMjq-Qmle95vWK3WkZmd-gqU',\n      authDomain: 'idrt-telegram-bot-fc75b.firebaseapp.com',\n      databaseURL: '',\n      projectId: 'idrt-telegram-bot-fc75b',\n      storageBucket: 'idrt-telegram-bot-fc75b.appspot.com',\n      messagingSenderId: '645730712922',\n      appId: '1:645730712922:web:d14dae4a19605100d90763',\n      measurementId: '',\n  },\n  gemini_api_key: 'AIzaSyAEbForU2gpujk08z9Qf1ff3rf7juaz9CM',\n  debug_token: ''\n};",
            "content_base64": null,
            "content_base64sha256": "zmofezD04s8QbQj0EYvgJ3ohMzl6g6Dh8DewB8cbBdg=",
            "content_base64sha512": "b+e9/93GL8FeCjylLr3zZrpskWqdbVlrDZMGLZn8eC6cGmQhyfc6CI0ELSgEjnc5K6irmTFlH+lTWbMKIgrMsA==",
            "content_md5": "5812ce1039285571b40e21a58ba74fd9",
            "content_sha1": "217d6c58e0c85157930ae837b7ca1598f747df00",
            "content_sha256": "ce6a1f7b30f4e2cf106d08f4118be0277a2133397a83a0e1f037b007c71b05d8",
            "content_sha512": "6fe7bdffddc62fc15e0a3ca52ebdf366ba6c916a9d6d596b0d93062d99fc782e9c1a6421c9f73a088d042d28048e77392ba8ab9931651fe95359b30a220accb0",
            "directory_permission": "0777",
            "file_permission": "0777",
            "filename": "./src/environments/environments.ts",
            "id": "217d6c58e0c85157930ae837b7ca1598f747df00",
            "sensitive_content": null,
            "source": null
          },
          "sensitive_attributes": [
            [
              {
                "type": "get_attr",
                "value": "content"
              }
            ]
          ],
          "dependencies": [
            "data.google_firebase_web_app_config.example",
            "data.google_project.project",
            "google_apikeys_key.generativelanguage",
            "google_firebase_web_app.example",
            "google_project_service.services"
          ]
        }
      ]
    },
    {
      "mode": "managed",
      "type": "local_file",
      "name": "firebaserc",
      "provider": "provider[\"registry.terraform.io/hashicorp/local\"]",
      "instances": [
        {
          "schema_version": 0,
          "attributes": {
            "content": "{\"projects\":{\"default\":\"idrt-telegram-bot-fc75b\"}}",
            "content_base64": null,
            "content_base64sha256": "84m4STCrcIVtyT02q5vvO+/fUZ6Tc5SNYLibbeafV3s=",
            "content_base64sha512": "uUGtiAxf1+xT/YCaaHrWs6mXxqDL7iZVbiJTEhGGQCG2s2RwGyavrTfvpcCG5xdru8g9sxSU5GmkBhPAPPZQWg==",
            "content_md5": "f6abe8173ca8b501ed06a3e8f573190c",
            "content_sha1": "757379a670306f97dba57e3e3231ac9c81521c79",
            "content_sha256": "f389b84930ab70856dc93d36ab9bef3befdf519e9373948d60b89b6de69f577b",
            "content_sha512": "b941ad880c5fd7ec53fd809a687ad6b3a997c6a0cbee26556e22531211864021b6b364701b26afad37efa5c086e7176bbbc83db31494e469a40613c03cf6505a",
            "directory_permission": "0777",
            "file_permission": "0777",
            "filename": "./.firebaserc",
            "id": "757379a670306f97dba57e3e3231ac9c81521c79",
            "sensitive_content": null,
            "source": null
          },
          "sensitive_attributes": []
        }
      ]
    },
    {
      "mode": "managed",
      "type": "local_file",
      "name": "firestore_rules",
      "provider": "provider[\"registry.terraform.io/hashicorp/local\"]",
      "instances": [
        {
          "schema_version": 0,
          "attributes": {
            "content": "service cloud.firestore {\n  match /databases/{database}/documents/{document=**} {\n    allow read, write: if request.auth != null \u0026\u0026 request.time \u003c timestamp.date(2024, 11, 2);\n  }\n}\n",
            "content_base64": null,
            "content_base64sha256": "T4qhgfvMPhzI2N9QiOdwdNK47zZQ3SMomd3xFut40Zo=",
            "content_base64sha512": "N3vH2CeWdxkhle7UNQ75DMEmzlo6Naq87NL4Z97ercAAMqQ5oxjuTCAMTv2KBsbF+2AhlpsMHP2U+dxZ4/ybtQ==",
            "content_md5": "88dd95dedaf2b7ca8e8be76aef8597c9",
            "content_sha1": "dc214953d2fd7715ac250697f24858fe8bc7599c",
            "content_sha256": "4f8aa181fbcc3e1cc8d8df5088e77074d2b8ef3650dd232899ddf116eb78d19a",
            "content_sha512": "377bc7d8279677192195eed4350ef90cc126ce5a3a35aabcecd2f867dedeadc00032a439a318ee4c200c4efd8a06c6c5fb6021969b0c1cfd94f9dc59e3fc9bb5",
            "directory_permission": "0777",
            "file_permission": "0777",
            "filename": "./firestore.rules",
            "id": "dc214953d2fd7715ac250697f24858fe8bc7599c",
            "sensitive_content": null,
            "source": null
          },
          "sensitive_attributes": []
        }
      ]
    }
  ],
  "check_results": null
}
